version: 6
environments:
  default:
    channels:
    - url: https://conda.anaconda.org/conda-forge/
    packages:
      linux-64:
      - conda: https://conda.anaconda.org/conda-forge/linux-64/_libgcc_mutex-0.1-conda_forge.tar.bz2
      - conda: https://conda.anaconda.org/conda-forge/linux-64/_openmp_mutex-4.5-2_gnu.tar.bz2
      - conda: https://conda.anaconda.org/conda-forge/linux-64/binutils-2.44-h4852527_2.conda
      - conda: https://conda.anaconda.org/conda-forge/linux-64/binutils_impl_linux-64-2.44-hdf8817f_2.conda
      - conda: https://conda.anaconda.org/conda-forge/linux-64/binutils_linux-64-2.44-h4852527_2.conda
      - conda: https://conda.anaconda.org/conda-forge/linux-64/c-compiler-1.11.0-h4d9bdce_0.conda
      - conda: https://conda.anaconda.org/conda-forge/noarch/ca-certificates-2025.10.5-hbd8a1cb_0.conda
      - conda: https://conda.anaconda.org/conda-forge/linux-64/compilers-1.11.0-ha770c72_0.conda
      - conda: https://conda.anaconda.org/conda-forge/linux-64/conda-gcc-specs-14.3.0-hb991d5c_7.conda
      - conda: https://conda.anaconda.org/conda-forge/linux-64/cxx-compiler-1.11.0-hfcd1e18_0.conda
      - conda: https://conda.anaconda.org/conda-forge/linux-64/fortran-compiler-1.11.0-h9bea470_0.conda
      - conda: https://conda.anaconda.org/conda-forge/linux-64/gcc-14.3.0-h76bdaa0_7.conda
      - conda: https://conda.anaconda.org/conda-forge/linux-64/gcc_impl_linux-64-14.3.0-hd9e9e21_7.conda
      - conda: https://conda.anaconda.org/conda-forge/linux-64/gcc_linux-64-14.3.0-h298d278_12.conda
      - conda: https://conda.anaconda.org/conda-forge/linux-64/gfortran-14.3.0-he448592_7.conda
      - conda: https://conda.anaconda.org/conda-forge/linux-64/gfortran_impl_linux-64-14.3.0-h7db7018_7.conda
      - conda: https://conda.anaconda.org/conda-forge/linux-64/gfortran_linux-64-14.3.0-h961de7f_12.conda
      - conda: https://conda.anaconda.org/conda-forge/linux-64/gxx-14.3.0-he448592_7.conda
      - conda: https://conda.anaconda.org/conda-forge/linux-64/gxx_impl_linux-64-14.3.0-he663afc_7.conda
      - conda: https://conda.anaconda.org/conda-forge/linux-64/gxx_linux-64-14.3.0-h95f728e_12.conda
      - conda: https://conda.anaconda.org/conda-forge/noarch/kernel-headers_linux-64-4.18.0-he073ed8_8.conda
      - conda: https://conda.anaconda.org/conda-forge/linux-64/ld_impl_linux-64-2.44-ha97dd6f_2.conda
      - conda: https://conda.anaconda.org/conda-forge/linux-64/libgcc-15.2.0-h767d61c_7.conda
      - conda: https://conda.anaconda.org/conda-forge/noarch/libgcc-devel_linux-64-14.3.0-h85bb3a7_107.conda
      - conda: https://conda.anaconda.org/conda-forge/linux-64/libgcc-ng-15.2.0-h69a702a_7.conda
      - conda: https://conda.anaconda.org/conda-forge/linux-64/libgfortran5-15.2.0-hcd61629_7.conda
      - conda: https://conda.anaconda.org/conda-forge/linux-64/libgomp-15.2.0-h767d61c_7.conda
      - conda: https://conda.anaconda.org/conda-forge/linux-64/libsanitizer-14.3.0-hd08acf3_7.conda
      - conda: https://conda.anaconda.org/conda-forge/linux-64/libstdcxx-15.2.0-h8f9b012_7.conda
      - conda: https://conda.anaconda.org/conda-forge/noarch/libstdcxx-devel_linux-64-14.3.0-h85bb3a7_107.conda
      - conda: https://conda.anaconda.org/conda-forge/linux-64/libzlib-1.3.1-hb9d3cd8_2.conda
      - conda: https://conda.anaconda.org/conda-forge/linux-64/openssl-3.5.4-h26f9b46_0.conda
      - conda: https://conda.anaconda.org/conda-forge/linux-64/pkg-config-0.29.2-h4bc722e_1009.conda
      - conda: https://conda.anaconda.org/conda-forge/linux-64/rust-1.90.0-h53717f1_0.conda
      - conda: https://conda.anaconda.org/conda-forge/noarch/rust-std-x86_64-unknown-linux-gnu-1.90.0-h2c6d0dc_0.conda
      - conda: https://conda.anaconda.org/conda-forge/noarch/sysroot_linux-64-2.28-h4ee821c_8.conda
      - conda: https://conda.anaconda.org/conda-forge/noarch/tzdata-2025b-h78e105d_0.conda
packages:
- conda: https://conda.anaconda.org/conda-forge/linux-64/_libgcc_mutex-0.1-conda_forge.tar.bz2
  sha256: fe51de6107f9edc7aa4f786a70f4a883943bc9d39b3bb7307c04c41410990726
  md5: d7c89558ba9fa0495403155b64376d81
  license: None
  size: 2562
  timestamp: 1578324546067
- conda: https://conda.anaconda.org/conda-forge/linux-64/_openmp_mutex-4.5-2_gnu.tar.bz2
  build_number: 16
  sha256: fbe2c5e56a653bebb982eda4876a9178aedfc2b545f25d0ce9c4c0b508253d22
  md5: 73aaf86a425cc6e73fcf236a5a46396d
  depends:
  - _libgcc_mutex 0.1 conda_forge
  - libgomp >=7.5.0
  constrains:
  - openmp_impl 9999
  license: BSD-3-Clause
  license_family: BSD
  size: 23621
  timestamp: 1650670423406
- conda: https://conda.anaconda.org/conda-forge/linux-64/binutils-2.44-h4852527_2.conda
  sha256: 1461b66ef4801c20dc39d7005eed559bfcd3a62c219dc030343ddd570b58a9e6
  md5: 7f77703af8f54071370e0bc3a4b225af
  depends:
  - binutils_impl_linux-64 >=2.44,<2.45.0a0
  arch: x86_64
  platform: linux
  license: GPL-3.0-only
  license_family: GPL
  size: 34957
  timestamp: 1758810956483
- conda: https://conda.anaconda.org/conda-forge/linux-64/binutils_impl_linux-64-2.44-hdf8817f_2.conda
  sha256: 014eda0be99345946706a8141ecf32f619c731152831b85e4a752b4917c4528c
  md5: f0716b5f7e87e83678d50da21e7a54b4
  depends:
  - ld_impl_linux-64 2.44 ha97dd6f_2
  - sysroot_linux-64
  license: GPL-3.0-only
  license_family: GPL
  size: 3797704
  timestamp: 1758810925961
- conda: https://conda.anaconda.org/conda-forge/linux-64/binutils_linux-64-2.44-h4852527_2.conda
  sha256: fd73320b4b3df2b18a1c2a9e17ed8c1402e1530c03a7d5af8240469b389128dd
  md5: 9102871743e92e2eea2f2b3bfef74ed0
  depends:
  - binutils_impl_linux-64 2.44 hdf8817f_2
  arch: x86_64
  platform: linux
  license: GPL-3.0-only
  license_family: GPL
  size: 35965
  timestamp: 1758810959224
- conda: https://conda.anaconda.org/conda-forge/linux-64/c-compiler-1.11.0-h4d9bdce_0.conda
  sha256: 8e7a40f16400d7839c82581410aa05c1f8324a693c9d50079f8c50dc9fb241f0
  md5: abd85120de1187b0d1ec305c2173c71b
  depends:
  - binutils
  - gcc
  - gcc_linux-64 14.*
  arch: x86_64
  platform: linux
  license: BSD-3-Clause
  license_family: BSD
  size: 6693
  timestamp: 1753098721814
- conda: https://conda.anaconda.org/conda-forge/noarch/ca-certificates-2025.10.5-hbd8a1cb_0.conda
  sha256: 3b5ad78b8bb61b6cdc0978a6a99f8dfb2cc789a451378d054698441005ecbdb6
  md5: f9e5fbc24009179e8b0409624691758a
  depends:
  - __unix
  license: ISC
  size: 155907
  timestamp: 1759649036195
- conda: https://conda.anaconda.org/conda-forge/linux-64/compilers-1.11.0-ha770c72_0.conda
  sha256: 5709f2cbfeb8690317ba702611bdf711a502b417fecda6ad3313e501f6f8bd61
  md5: fdcf2e31dd960ef7c5daa9f2c95eff0e
  depends:
  - c-compiler 1.11.0 h4d9bdce_0
  - cxx-compiler 1.11.0 hfcd1e18_0
  - fortran-compiler 1.11.0 h9bea470_0
  arch: x86_64
  platform: linux
  license: BSD-3-Clause
  license_family: BSD
  size: 7482
  timestamp: 1753098722454
- conda: https://conda.anaconda.org/conda-forge/linux-64/conda-gcc-specs-14.3.0-hb991d5c_7.conda
  sha256: d2fc6de5c21d92bf6a4c2f51040662ea34ed94baa7c2758ba685fd3b0032f7cb
  md5: 39586596e88259bae48f904fb1025b77
  depends:
  - gcc_impl_linux-64 >=14.3.0,<14.3.1.0a0
  arch: x86_64
  platform: linux
  license: GPL-3.0-only WITH GCC-exception-3.1
  license_family: GPL
  size: 33231
  timestamp: 1759965946160
- conda: https://conda.anaconda.org/conda-forge/linux-64/cxx-compiler-1.11.0-hfcd1e18_0.conda
  sha256: 3fcc97ae3e89c150401a50a4de58794ffc67b1ed0e1851468fcc376980201e25
  md5: 5da8c935dca9186673987f79cef0b2a5
  depends:
  - c-compiler 1.11.0 h4d9bdce_0
  - gxx
  - gxx_linux-64 14.*
  arch: x86_64
  platform: linux
  license: BSD-3-Clause
  license_family: BSD
  size: 6635
  timestamp: 1753098722177
- conda: https://conda.anaconda.org/conda-forge/linux-64/fortran-compiler-1.11.0-h9bea470_0.conda
  sha256: 53e5562ede83b478ebe9f4fc3d3b4eff5b627883f48aa0bf412e8fd90b5d6113
  md5: d5596f445a1273ddc5ea68864c01b69f
  depends:
  - binutils
  - c-compiler 1.11.0 h4d9bdce_0
  - gfortran
  - gfortran_linux-64 14.*
  arch: x86_64
  platform: linux
  license: BSD-3-Clause
  license_family: BSD
  size: 6656
  timestamp: 1753098722318
- conda: https://conda.anaconda.org/conda-forge/linux-64/gcc-14.3.0-h76bdaa0_7.conda
  sha256: 5eae0f13f8012215c18fba5b74e10686c4720f5c6038a6cfbedcb91fe59eea3d
  md5: cd5d2db69849f2fc7b592daf86c3015a
  depends:
  - conda-gcc-specs
  - gcc_impl_linux-64 14.3.0.*
  arch: x86_64
  platform: linux
  license: BSD-3-Clause
  license_family: BSD
  size: 31025
  timestamp: 1759966082917
- conda: https://conda.anaconda.org/conda-forge/linux-64/gcc_impl_linux-64-14.3.0-hd9e9e21_7.conda
  sha256: bddd2b13469334fdd474281753cf0b347ac16c3e123ecfdce556ba16fbda9454
  md5: 54876317578ad4bf695aad97ff8398d9
  depends:
  - binutils_impl_linux-64 >=2.40
  - libgcc >=14.3.0
  - libgcc-devel_linux-64 14.3.0 h85bb3a7_107
  - libgomp >=14.3.0
  - libsanitizer 14.3.0 hd08acf3_7
  - libstdcxx >=14.3.0
  - sysroot_linux-64
  arch: x86_64
  platform: linux
  license: GPL-3.0-only WITH GCC-exception-3.1
  license_family: GPL
  size: 69987984
  timestamp: 1759965829687
- conda: https://conda.anaconda.org/conda-forge/linux-64/gcc_linux-64-14.3.0-h298d278_12.conda
  sha256: 0c56509170aa709cf80ef0663e17a1ab22fc57051794088994fc60290b352f46
  md5: 051081e67fa626cf3021e507e4a73c79
  depends:
  - gcc_impl_linux-64 14.3.0.*
  - binutils_linux-64
  - sysroot_linux-64
  arch: x86_64
  platform: linux
  license: BSD-3-Clause
  license_family: BSD
  size: 27952
  timestamp: 1759866571695
- conda: https://conda.anaconda.org/conda-forge/linux-64/gfortran-14.3.0-he448592_7.conda
  sha256: 7ab008dd3dc5e6ca0de2614771019a1d35480d51df6216c96b1cf6a5e660ee40
  md5: 94394acdc56dcb4d55dddf0393134966
  depends:
  - gcc 14.3.0.*
  - gcc_impl_linux-64 14.3.0.*
  - gfortran_impl_linux-64 14.3.0.*
  arch: x86_64
  platform: linux
  license: BSD-3-Clause
  license_family: BSD
  size: 30407
  timestamp: 1759966108779
- conda: https://conda.anaconda.org/conda-forge/linux-64/gfortran_impl_linux-64-14.3.0-h7db7018_7.conda
  sha256: 89d00289c98742b17974e8fe5c577bee71d763f9bcf9a820f2236ccb8a0cc71c
  md5: a68add92b710d3139b46f46a27d06c80
  depends:
  - gcc_impl_linux-64 >=14.3.0
  - libgcc >=14.3.0
  - libgfortran5 >=14.3.0
  - libstdcxx >=14.3.0
  - sysroot_linux-64
  arch: x86_64
  platform: linux
  license: GPL-3.0-only WITH GCC-exception-3.1
  license_family: GPL
  size: 17013425
  timestamp: 1759966008772
- conda: https://conda.anaconda.org/conda-forge/linux-64/gfortran_linux-64-14.3.0-h961de7f_12.conda
  sha256: 5bd6debc9f86bf74a896b2b202876cefb2c58e1597630a442d0336e8b1641e7a
  md5: 94b5a79698bf511870b0135afb5bf6cd
  depends:
  - gfortran_impl_linux-64 14.3.0.*
  - gcc_linux-64 ==14.3.0 h298d278_12
  - binutils_linux-64
  - sysroot_linux-64
  arch: x86_64
  platform: linux
  license: BSD-3-Clause
  license_family: BSD
  size: 26687
  timestamp: 1759866571695
- conda: https://conda.anaconda.org/conda-forge/linux-64/gxx-14.3.0-he448592_7.conda
  sha256: 7acf0ee3039453aa69f16da063136335a3511f9c157e222def8d03c8a56a1e03
  md5: 91dc0abe7274ac5019deaa6100643265
  depends:
  - gcc 14.3.0.*
  - gxx_impl_linux-64 14.3.0.*
  arch: x86_64
  platform: linux
  license: BSD-3-Clause
  license_family: BSD
  size: 30403
  timestamp: 1759966121169
- conda: https://conda.anaconda.org/conda-forge/linux-64/gxx_impl_linux-64-14.3.0-he663afc_7.conda
  sha256: 597579f6ce995c2a53dcb290c75d94819ca92f898687162f992a208a5ea1b65b
  md5: 2700e7aad63bca8c26c2042a6a7214d6
  depends:
  - gcc_impl_linux-64 14.3.0 hd9e9e21_7
  - libstdcxx-devel_linux-64 14.3.0 h85bb3a7_107
  - sysroot_linux-64
  - tzdata
  arch: x86_64
  platform: linux
  license: GPL-3.0-only WITH GCC-exception-3.1
  license_family: GPL
  size: 15187856
  timestamp: 1759966051354
- conda: https://conda.anaconda.org/conda-forge/linux-64/gxx_linux-64-14.3.0-h95f728e_12.conda
  sha256: 559996c580c31b939702b819368ad19d2f610bbb5b568d033e3c78bea49e730f
  md5: 7778058aa8b54953ddd09c3297e59e4d
  depends:
  - gxx_impl_linux-64 14.3.0.*
  - gcc_linux-64 ==14.3.0 h298d278_12
  - binutils_linux-64
  - sysroot_linux-64
  arch: x86_64
  platform: linux
  license: BSD-3-Clause
  license_family: BSD
  size: 27050
  timestamp: 1759866571696
- conda: https://conda.anaconda.org/conda-forge/noarch/kernel-headers_linux-64-4.18.0-he073ed8_8.conda
  sha256: 305c22a251db227679343fd73bfde121e555d466af86e537847f4c8b9436be0d
  md5: ff007ab0f0fdc53d245972bba8a6d40c
  constrains:
  - sysroot_linux-64 ==2.28
  license: LGPL-2.0-or-later AND LGPL-2.0-or-later WITH exceptions AND GPL-2.0-or-later
  license_family: GPL
  size: 1272697
  timestamp: 1752669126073
- conda: https://conda.anaconda.org/conda-forge/linux-64/ld_impl_linux-64-2.44-ha97dd6f_2.conda
  sha256: 707dfb8d55d7a5c6f95c772d778ef07a7ca85417d9971796f7d3daad0b615de8
  md5: 14bae321b8127b63cba276bd53fac237
  depends:
  - __glibc >=2.17,<3.0.a0
  constrains:
  - binutils_impl_linux-64 2.44
  license: GPL-3.0-only
  license_family: GPL
  size: 747158
  timestamp: 1758810907507
- conda: https://conda.anaconda.org/conda-forge/linux-64/libgcc-15.2.0-h767d61c_7.conda
  sha256: 08f9b87578ab981c7713e4e6a7d935e40766e10691732bba376d4964562bcb45
  md5: c0374badb3a5d4b1372db28d19462c53
  depends:
  - __glibc >=2.17,<3.0.a0
  - _openmp_mutex >=4.5
  constrains:
  - libgomp 15.2.0 h767d61c_7
  - libgcc-ng ==15.2.0=*_7
  license: GPL-3.0-only WITH GCC-exception-3.1
  license_family: GPL
  size: 822552
  timestamp: 1759968052178
- conda: https://conda.anaconda.org/conda-forge/noarch/libgcc-devel_linux-64-14.3.0-h85bb3a7_107.conda
  sha256: 57a1e792e9cffb3e641c84d3830eb637a81c85f33bdc3d45ac7b653c701f9d68
  md5: 84915638a998fae4d495fa038683a73e
  depends:
  - __unix
  license: GPL-3.0-only WITH GCC-exception-3.1
  license_family: GPL
  size: 2731390
  timestamp: 1759965626607
- conda: https://conda.anaconda.org/conda-forge/linux-64/libgcc-ng-15.2.0-h69a702a_7.conda
  sha256: 2045066dd8e6e58aaf5ae2b722fb6dfdbb57c862b5f34ac7bfb58c40ef39b6ad
  md5: 280ea6eee9e2ddefde25ff799c4f0363
  depends:
  - libgcc 15.2.0 h767d61c_7
  arch: x86_64
  platform: linux
  license: GPL-3.0-only WITH GCC-exception-3.1
  license_family: GPL
  size: 29313
  timestamp: 1759968065504
- conda: https://conda.anaconda.org/conda-forge/linux-64/libgfortran5-15.2.0-hcd61629_7.conda
  sha256: e93ceda56498d98c9f94fedec3e2d00f717cbedfc97c49be0e5a5828802f2d34
  md5: f116940d825ffc9104400f0d7f1a4551
  depends:
  - __glibc >=2.17,<3.0.a0
  - libgcc >=15.2.0
  constrains:
  - libgfortran 15.2.0
  arch: x86_64
  platform: linux
  license: GPL-3.0-only WITH GCC-exception-3.1
  license_family: GPL
  size: 1572758
  timestamp: 1759968082504
- conda: https://conda.anaconda.org/conda-forge/linux-64/libgomp-15.2.0-h767d61c_7.conda
  sha256: e9fb1c258c8e66ee278397b5822692527c5f5786d372fe7a869b900853f3f5ca
  md5: f7b4d76975aac7e5d9e6ad13845f92fe
  depends:
  - __glibc >=2.17,<3.0.a0
  license: GPL-3.0-only WITH GCC-exception-3.1
  license_family: GPL
  size: 447919
  timestamp: 1759967942498
- conda: https://conda.anaconda.org/conda-forge/linux-64/libsanitizer-14.3.0-hd08acf3_7.conda
  sha256: 73eb65f58ed086cf73fb9af3be4a9b288f630e9c2e1caacc75aff5f265d2dda2
  md5: 716f4c96e07207d74e635c915b8b3f8b
  depends:
  - __glibc >=2.17,<3.0.a0
  - libgcc >=14.3.0
  - libstdcxx >=14.3.0
  arch: x86_64
  platform: linux
  license: GPL-3.0-only WITH GCC-exception-3.1
  license_family: GPL
  size: 5110341
  timestamp: 1759965766003
- conda: https://conda.anaconda.org/conda-forge/linux-64/libstdcxx-15.2.0-h8f9b012_7.conda
  sha256: 1b981647d9775e1cdeb2fab0a4dd9cd75a6b0de2963f6c3953dbd712f78334b3
  md5: 5b767048b1b3ee9a954b06f4084f93dc
  depends:
  - __glibc >=2.17,<3.0.a0
  - libgcc 15.2.0 h767d61c_7
  constrains:
  - libstdcxx-ng ==15.2.0=*_7
  license: GPL-3.0-only WITH GCC-exception-3.1
  license_family: GPL
  size: 3898269
  timestamp: 1759968103436
- conda: https://conda.anaconda.org/conda-forge/noarch/libstdcxx-devel_linux-64-14.3.0-h85bb3a7_107.conda
  sha256: 54ba5632d93faebbec3899d9df84c6e71c4574d70a2f3babfc5aac4247874038
  md5: eaf0f047b048c4d86a4b8c60c0e95f38
  depends:
  - __unix
  license: GPL-3.0-only WITH GCC-exception-3.1
  license_family: GPL
  size: 13244605
  timestamp: 1759965656146
- conda: https://conda.anaconda.org/conda-forge/linux-64/libzlib-1.3.1-hb9d3cd8_2.conda
  sha256: d4bfe88d7cb447768e31650f06257995601f89076080e76df55e3112d4e47dc4
  md5: edb0dca6bc32e4f4789199455a1dbeb8
  depends:
  - __glibc >=2.17,<3.0.a0
  - libgcc >=13
  constrains:
  - zlib 1.3.1 *_2
  license: Zlib
  license_family: Other
  size: 60963
  timestamp: 1727963148474
- conda: https://conda.anaconda.org/conda-forge/linux-64/openssl-3.5.4-h26f9b46_0.conda
  sha256: e807f3bad09bdf4075dbb4168619e14b0c0360bacb2e12ef18641a834c8c5549
  md5: 14edad12b59ccbfa3910d42c72adc2a0
  depends:
  - __glibc >=2.17,<3.0.a0
  - ca-certificates
  - libgcc >=14
  arch: x86_64
  platform: linux
  license: Apache-2.0
  license_family: Apache
  size: 3119624
  timestamp: 1759324353651
- conda: https://conda.anaconda.org/conda-forge/linux-64/pkg-config-0.29.2-h4bc722e_1009.conda
  sha256: c9601efb1af5391317e04eca77c6fe4d716bf1ca1ad8da2a05d15cb7c28d7d4e
  md5: 1bee70681f504ea424fb07cdb090c001
  depends:
  - __glibc >=2.17,<3.0.a0
  - libgcc-ng >=12
  arch: x86_64
  platform: linux
  license: GPL-2.0-or-later
  license_family: GPL
  size: 115175
  timestamp: 1720805894943
- conda: https://conda.anaconda.org/conda-forge/linux-64/rust-1.90.0-h53717f1_0.conda
  sha256: fb9070195495b51787a08430d867a120da2fce4e795df82d77ccc0c62f1ef41a
  md5: fd2dd28ade0a278a119bb2a46e3a3d53
  depends:
  - __glibc >=2.17,<3.0.a0
  - gcc_impl_linux-64
  - libgcc >=14
  - libzlib >=1.3.1,<2.0a0
  - rust-std-x86_64-unknown-linux-gnu 1.90.0 h2c6d0dc_0
  - sysroot_linux-64 >=2.17
  license: MIT
  license_family: MIT
  size: 227708625
  timestamp: 1758350269748
- conda: https://conda.anaconda.org/conda-forge/noarch/rust-std-x86_64-unknown-linux-gnu-1.90.0-h2c6d0dc_0.conda
  sha256: 364d902ca1b4aa1b92ff4d88e04abaa31713f02aeccd7e86ca854c0100291894
  md5: 3d77dd5f1eb34b823ea59e821c116bcf
  depends:
  - __unix
  constrains:
  - rust >=1.90.0,<1.90.1.0a0
  license: MIT
  license_family: MIT
  size: 38036262
  timestamp: 1758350135017
- conda: https://conda.anaconda.org/conda-forge/noarch/sysroot_linux-64-2.28-h4ee821c_8.conda
  sha256: 0053c17ffbd9f8af1a7f864995d70121c292e317804120be4667f37c92805426
  md5: 1bad93f0aa428d618875ef3a588a889e
  depends:
  - __glibc >=2.28
  - kernel-headers_linux-64 4.18.0 he073ed8_8
  - tzdata
  license: LGPL-2.0-or-later AND LGPL-2.0-or-later WITH exceptions AND GPL-2.0-or-later
  license_family: GPL
  size: 24210909
  timestamp: 1752669140965
- conda: https://conda.anaconda.org/conda-forge/noarch/tzdata-2025b-h78e105d_0.conda
  sha256: 5aaa366385d716557e365f0a4e9c3fca43ba196872abbbe3d56bb610d131e192
  md5: 4222072737ccff51314b5ece9c7d6f5a
  license: LicenseRef-Public-Domain
  size: 122968
  timestamp: 1742727099393
